
Microsoft Visual Studio Solution File, Format Version 12.00
# Visual Studio Version 17
VisualStudioVersion = 17.7.34031.279
MinimumVisualStudioVersion = 10.0.40219.1
Project("{FAE04EC0-301F-11D3-BF4B-00C04F79EFBC}") = "Teste", "Teste\Teste.csproj", "{5E6D3814-2CBF-4EE3-A800-753F2CC9AB20}"
EndProject
Global
	GlobalSection(SolutionConfigurationPlatforms) = preSolution
		Debug|Any CPU = Debug|Any CPU
		Release|Any CPU = Release|Any CPU
	EndGlobalSection
	GlobalSection(ProjectConfigurationPlatforms) = postSolution
		{5E6D3814-2CBF-4EE3-A800-753F2CC9AB20}.Debug|Any CPU.ActiveCfg = Debug|Any CPU
		{5E6D3814-2CBF-4EE3-A800-753F2CC9AB20}.Debug|Any CPU.Build.0 = Debug|Any CPU
		{5E6D3814-2CBF-4EE3-A800-753F2CC9AB20}.Release|Any CPU.ActiveCfg = Release|Any CPU
		{5E6D3814-2CBF-4EE3-A800-753F2CC9AB20}.Release|Any CPU.Build.0 = Release|Any CPU
	EndGlobalSection
	GlobalSection(SolutionProperties) = preSolution
		HideSolutionNode = FALSE
	EndGlobalSection
	GlobalSection(ExtensibilityGlobals) = postSolution
		SolutionGuid = {F287A209-6CC2-47C7-8EEA-27476B54D338}
	EndGlobalSection
EndGlobal
